
Microsoft Visual Studio Solution File, Format Version 12.00
# Visual Studio Version 16
VisualStudioVersion = 16.0.31019.35
MinimumVisualStudioVersion = 10.0.40219.1
Project("{2150E333-8FDC-42A3-9474-1A3956D46DE8}") = "src", "src", "{6DA132DC-77C5-415E-B259-A2A723CAA6EB}"
EndProject
Project("{9A19103F-16F7-4668-BE54-9A1E7A4F7556}") = "WebAPI", "src\WebAPI\WebAPI.csproj", "{E940335C-0384-4525-ABE3-711951410ED0}"
EndProject
Project("{9A19103F-16F7-4668-BE54-9A1E7A4F7556}") = "DataAccessLayer", "src\DataAccessLayer\DataAccessLayer.csproj", "{B6E65F80-5992-49CD-8A03-B944F2897701}"
EndProject
Project("{9A19103F-16F7-4668-BE54-9A1E7A4F7556}") = "Services", "src\Services\Services.csproj", "{B63EDA73-E52F-4CF5-907C-EF0BC216AB07}"
EndProject
Global
	GlobalSection(SolutionConfigurationPlatforms) = preSolution
		Debug|Any CPU = Debug|Any CPU
		Release|Any CPU = Release|Any CPU
	EndGlobalSection
	GlobalSection(ProjectConfigurationPlatforms) = postSolution
		{E940335C-0384-4525-ABE3-711951410ED0}.Debug|Any CPU.ActiveCfg = Debug|Any CPU
		{E940335C-0384-4525-ABE3-711951410ED0}.Debug|Any CPU.Build.0 = Debug|Any CPU
		{E940335C-0384-4525-ABE3-711951410ED0}.Release|Any CPU.ActiveCfg = Release|Any CPU
		{E940335C-0384-4525-ABE3-711951410ED0}.Release|Any CPU.Build.0 = Release|Any CPU
		{B6E65F80-5992-49CD-8A03-B944F2897701}.Debug|Any CPU.ActiveCfg = Debug|Any CPU
		{B6E65F80-5992-49CD-8A03-B944F2897701}.Debug|Any CPU.Build.0 = Debug|Any CPU
		{B6E65F80-5992-49CD-8A03-B944F2897701}.Release|Any CPU.ActiveCfg = Release|Any CPU
		{B6E65F80-5992-49CD-8A03-B944F2897701}.Release|Any CPU.Build.0 = Release|Any CPU
		{B63EDA73-E52F-4CF5-907C-EF0BC216AB07}.Debug|Any CPU.ActiveCfg = Debug|Any CPU
		{B63EDA73-E52F-4CF5-907C-EF0BC216AB07}.Debug|Any CPU.Build.0 = Debug|Any CPU
		{B63EDA73-E52F-4CF5-907C-EF0BC216AB07}.Release|Any CPU.ActiveCfg = Release|Any CPU
		{B63EDA73-E52F-4CF5-907C-EF0BC216AB07}.Release|Any CPU.Build.0 = Release|Any CPU
	EndGlobalSection
	GlobalSection(SolutionProperties) = preSolution
		HideSolutionNode = FALSE
	EndGlobalSection
	GlobalSection(NestedProjects) = preSolution
		{E940335C-0384-4525-ABE3-711951410ED0} = {6DA132DC-77C5-415E-B259-A2A723CAA6EB}
		{B6E65F80-5992-49CD-8A03-B944F2897701} = {6DA132DC-77C5-415E-B259-A2A723CAA6EB}
		{B63EDA73-E52F-4CF5-907C-EF0BC216AB07} = {6DA132DC-77C5-415E-B259-A2A723CAA6EB}
	EndGlobalSection
	GlobalSection(ExtensibilityGlobals) = postSolution
		SolutionGuid = {B6B9C207-7896-405D-9B74-758FD7C01D9F}
	EndGlobalSection
EndGlobal
